// !$*UTF8*$!
{
	archiveVersion = 1;
	classes = {
	};
	objectVersion = 77;
	objects = {

/* Begin PBXContainerItemProxy section */
		076F5B692E1BE9AD003839A0 /* PBXContainerItemProxy */ = {
			isa = PBXContainerItemProxy;
			containerPortal = 076F5B532E1BE9AB003839A0 /* Project object */;
			proxyType = 1;
			remoteGlobalIDString = 076F5B5A2E1BE9AB003839A0;
			remoteInfo = GolfCompanion;
		};
		076F5B732E1BE9AD003839A0 /* PBXContainerItemProxy */ = {
			isa = PBXContainerItemProxy;
			containerPortal = 076F5B532E1BE9AB003839A0 /* Project object */;
			proxyType = 1;
			remoteGlobalIDString = 076F5B5A2E1BE9AB003839A0;
			remoteInfo = GolfCompanion;
		};
/* End PBXContainerItemProxy section */

/* Begin PBXFileReference section */
		076F5B5B2E1BE9AB003839A0 /* GolfCompanion.app */ = {isa = PBXFileReference; explicitFileType = wrapper.application; includeInIndex = 0; path = GolfCompanion.app; sourceTree = BUILT_PRODUCTS_DIR; };
		076F5B682E1BE9AD003839A0 /* GolfCompanionTests.xctest */ = {isa = PBXFileReference; explicitFileType = wrapper.cfbundle; includeInIndex = 0; path = GolfCompanionTests.xctest; sourceTree = BUILT_PRODUCTS_DIR; };
		076F5B722E1BE9AD003839A0 /* GolfCompanionUITests.xctest */ = {isa = PBXFileReference; explicitFileType = wrapper.cfbundle; includeInIndex = 0; path = GolfCompanionUITests.xctest; sourceTree = BUILT_PRODUCTS_DIR; };
/* End PBXFileReference section */

/* Begin PBXFileSystemSynchronizedRootGroup section */
		076F5B5D2E1BE9AB003839A0 /* GolfCompanion */ = {
			isa = PBXFileSystemSynchronizedRootGroup;
			path = GolfCompanion;
			sourceTree = "<group>";
		};
		076F5B6B2E1BE9AD003839A0 /* GolfCompanionTests */ = {
			isa = PBXFileSystemSynchronizedRootGroup;
			path = GolfCompanionTests;
			sourceTree = "<group>";
		};
		076F5B752E1BE9AD003839A0 /* GolfCompanionUITests */ = {
			isa = PBXFileSystemSynchronizedRootGroup;
			path = GolfCompanionUITests;
			sourceTree = "<group>";
		};
/* End PBXFileSystemSynchronizedRootGroup section */

/* Begin PBXFrameworksBuildPhase section */
		076F5B582E1BE9AB003839A0 /* Frameworks */ = {
			isa = PBXFrameworksBuildPhase;
			buildActionMask = 2147483647;
			files = (
			);
			runOnlyForDeploymentPostprocessing = 0;
		};
		076F5B652E1BE9AD003839A0 /* Frameworks */ = {
			isa = PBXFrameworksBuildPhase;
			buildActionMask = 2147483647;
			files = (
			);
			runOnlyForDeploymentPostprocessing = 0;
		};
		076F5B6F2E1BE9AD003839A0 /* Frameworks */ = {
			isa = PBXFrameworksBuildPhase;
			buildActionMask = 2147483647;
			files = (
			);
			runOnlyForDeploymentPostprocessing = 0;
		};
/* End PBXFrameworksBuildPhase section */

/* Begin PBXGroup section */
		076F5B522E1BE9AB003839A0 = {
			isa = PBXGroup;
			children = (
				076F5B5D2E1BE9AB003839A0 /* GolfCompanion */,
				076F5B6B2E1BE9AD003839A0 /* GolfCompanionTests */,
				076F5B752E1BE9AD003839A0 /* GolfCompanionUITests */,
				076F5B5C2E1BE9AB003839A0 /* Products */,
			);
			sourceTree = "<group>";
		};
		076F5B5C2E1BE9AB003839A0 /* Products */ = {
			isa = PBXGroup;
			children = (
				076F5B5B2E1BE9AB003839A0 /* GolfCompanion.app */,
				076F5B682E1BE9AD003839A0 /* GolfCompanionTests.xctest */,
				076F5B722E1BE9AD003839A0 /* GolfCompanionUITests.xctest */,
			);
			name = Products;
			sourceTree = "<group>";
		};
/* End PBXGroup section */

/* Begin PBXNativeTarget section */
		076F5B5A2E1BE9AB003839A0 /* GolfCompanion */ = {
			isa = PBXNativeTarget;
			buildConfigurationList = 076F5B7C2E1BE9AD003839A0 /* Build configuration list for PBXNativeTarget "GolfCompanion" */;
			buildPhases = (
				076F5B572E1BE9AB003839A0 /* Sources */,
				076F5B582E1BE9AB003839A0 /* Frameworks */,
				076F5B592E1BE9AB003839A0 /* Resources */,
			);
			buildRules = (
			);
			dependencies = (
			);
			fileSystemSynchronizedGroups = (
				076F5B5D2E1BE9AB003839A0 /* GolfCompanion */,
			);
			name = GolfCompanion;
			packageProductDependencies = (
			);
			productName = GolfCompanion;
			productReference = 076F5B5B2E1BE9AB003839A0 /* GolfCompanion.app */;
			productType = "com.apple.product-type.application";
		};
		076F5B672E1BE9AD003839A0 /* GolfCompanionTests */ = {
			isa = PBXNativeTarget;
			buildConfigurationList = 076F5B7F2E1BE9AD003839A0 /* Build configuration list for PBXNativeTarget "GolfCompanionTests" */;
			buildPhases = (
				076F5B642E1BE9AD003839A0 /* Sources */,
				076F5B652E1BE9AD003839A0 /* Frameworks */,
				076F5B662E1BE9AD003839A0 /* Resources */,
			);
			buildRules = (
			);
			dependencies = (
				076F5B6A2E1BE9AD003839A0 /* PBXTargetDependency */,
			);
			fileSystemSynchronizedGroups = (
				076F5B6B2E1BE9AD003839A0 /* GolfCompanionTests */,
			);
			name = GolfCompanionTests;
			packageProductDependencies = (
			);
			productName = GolfCompanionTests;
			productReference = 076F5B682E1BE9AD003839A0 /* GolfCompanionTests.xctest */;
			productType = "com.apple.product-type.bundle.unit-test";
		};
		076F5B712E1BE9AD003839A0 /* GolfCompanionUITests */ = {
			isa = PBXNativeTarget;
			buildConfigurationList = 076F5B822E1BE9AD003839A0 /* Build configuration list for PBXNativeTarget "GolfCompanionUITests" */;
			buildPhases = (
				076F5B6E2E1BE9AD003839A0 /* Sources */,
				076F5B6F2E1BE9AD003839A0 /* Frameworks */,
				076F5B702E1BE9AD003839A0 /* Resources */,
			);
			buildRules = (
			);
			dependencies = (
				076F5B742E1BE9AD003839A0 /* PBXTargetDependency */,
			);
			fileSystemSynchronizedGroups = (
				076F5B752E1BE9AD003839A0 /* GolfCompanionUITests */,
			);
			name = GolfCompanionUITests;
			packageProductDependencies = (
			);
			productName = GolfCompanionUITests;
			productReference = 076F5B722E1BE9AD003839A0 /* GolfCompanionUITests.xctest */;
			productType = "com.apple.product-type.bundle.ui-testing";
		};
/* End PBXNativeTarget section */

/* Begin PBXProject section */
		076F5B532E1BE9AB003839A0 /* Project object */ = {
			isa = PBXProject;
			attributes = {
				BuildIndependentTargetsInParallel = 1;
				LastSwiftUpdateCheck = 1640;
				LastUpgradeCheck = 1640;
				TargetAttributes = {
					076F5B5A2E1BE9AB003839A0 = {
						CreatedOnToolsVersion = 16.4;
					};
					076F5B672E1BE9AD003839A0 = {
						CreatedOnToolsVersion = 16.4;
						TestTargetID = 076F5B5A2E1BE9AB003839A0;
					};
					076F5B712E1BE9AD003839A0 = {
						CreatedOnToolsVersion = 16.4;
						TestTargetID = 076F5B5A2E1BE9AB003839A0;
					};
				};
			};
			buildConfigurationList = 076F5B562E1BE9AB003839A0 /* Build configuration list for PBXProject "GolfCompanion" */;
			developmentRegion = en;
			hasScannedForEncodings = 0;
			knownRegions = (
				en,
				Base,
			);
			mainGroup = 076F5B522E1BE9AB003839A0;
			minimizedProjectReferenceProxies = 1;
			preferredProjectObjectVersion = 77;
			productRefGroup = 076F5B5C2E1BE9AB003839A0 /* Products */;
			projectDirPath = "";
			projectRoot = "";
			targets = (
				076F5B5A2E1BE9AB003839A0 /* GolfCompanion */,
				076F5B672E1BE9AD003839A0 /* GolfCompanionTests */,
				076F5B712E1BE9AD003839A0 /* GolfCompanionUITests */,
			);
		};
/* End PBXProject section */

/* Begin PBXResourcesBuildPhase section */
		076F5B592E1BE9AB003839A0 /* Resources */ = {
			isa = PBXResourcesBuildPhase;
			buildActionMask = 2147483647;
			files = (
			);
			runOnlyForDeploymentPostprocessing = 0;
		};
		076F5B662E1BE9AD003839A0 /* Resources */ = {
			isa = PBXResourcesBuildPhase;
			buildActionMask = 2147483647;
			files = (
			);
			runOnlyForDeploymentPostprocessing = 0;
		};
		076F5B702E1BE9AD003839A0 /* Resources */ = {
			isa = PBXResourcesBuildPhase;
			buildActionMask = 2147483647;
			files = (
			);
			runOnlyForDeploymentPostprocessing = 0;
		};
/* End PBXResourcesBuildPhase section */

/* Begin PBXSourcesBuildPhase section */
		076F5B572E1BE9AB003839A0 /* Sources */ = {
			isa = PBXSourcesBuildPhase;
			buildActionMask = 2147483647;
			files = (
			);
			runOnlyForDeploymentPostprocessing = 0;
		};
		076F5B642E1BE9AD003839A0 /* Sources */ = {
			isa = PBXSourcesBuildPhase;
			buildActionMask = 2147483647;
			files = (
			);
			runOnlyForDeploymentPostprocessing = 0;
		};
		076F5B6E2E1BE9AD003839A0 /* Sources */ = {
			isa = PBXSourcesBuildPhase;
			buildActionMask = 2147483647;
			files = (
			);
			runOnlyForDeploymentPostprocessing = 0;
		};
/* End PBXSourcesBuildPhase section */

/* Begin PBXTargetDependency section */
		076F5B6A2E1BE9AD003839A0 /* PBXTargetDependency */ = {
			isa = PBXTargetDependency;
			target = 076F5B5A2E1BE9AB003839A0 /* GolfCompanion */;
			targetProxy = 076F5B692E1BE9AD003839A0 /* PBXContainerItemProxy */;
		};
		076F5B742E1BE9AD003839A0 /* PBXTargetDependency */ = {
			isa = PBXTargetDependency;
			target = 076F5B5A2E1BE9AB003839A0 /* GolfCompanion */;
			targetProxy = 076F5B732E1BE9AD003839A0 /* PBXContainerItemProxy */;
		};
/* End PBXTargetDependency section */

/* Begin XCBuildConfiguration section */
		076F5B7A2E1BE9AD003839A0 /* Debug */ = {
			isa = XCBuildConfiguration;
			buildSettings = {
				ALWAYS_SEARCH_USER_PATHS = NO;
				ASSETCATALOG_COMPILER_GENERATE_SWIFT_ASSET_SYMBOL_EXTENSIONS = YES;
				CLANG_ANALYZER_NONNULL = YES;
				CLANG_ANALYZER_NUMBER_OBJECT_CONVERSION = YES_AGGRESSIVE;
				CLANG_CXX_LANGUAGE_STANDARD = "gnu++20";
				CLANG_ENABLE_MODULES = YES;
				CLANG_ENABLE_OBJC_ARC = YES;
				CLANG_ENABLE_OBJC_WEAK = YES;
				CLANG_WARN_BLOCK_CAPTURE_AUTORELEASING = YES;
				CLANG_WARN_BOOL_CONVERSION = YES;
				CLANG_WARN_COMMA = YES;
				CLANG_WARN_CONSTANT_CONVERSION = YES;
				CLANG_WARN_DEPRECATED_OBJC_IMPLEMENTATIONS = YES;
				CLANG_WARN_DIRECT_OBJC_ISA_USAGE = YES_ERROR;
				CLANG_WARN_DOCUMENTATION_COMMENTS = YES;
				CLANG_WARN_EMPTY_BODY = YES;
				CLANG_WARN_ENUM_CONVERSION = YES;
				CLANG_WARN_INFINITE_RECURSION = YES;
				CLANG_WARN_INT_CONVERSION = YES;
				CLANG_WARN_NON_LITERAL_NULL_CONVERSION = YES;
				CLANG_WARN_OBJC_IMPLICIT_RETAIN_SELF = YES;
				CLANG_WARN_OBJC_LITERAL_CONVERSION = YES;
				CLANG_WARN_OBJC_ROOT_CLASS = YES_ERROR;
				CLANG_WARN_QUOTED_INCLUDE_IN_FRAMEWORK_HEADER = YES;
				CLANG_WARN_RANGE_LOOP_ANALYSIS = YES;
				CLANG_WARN_STRICT_PROTOTYPES = YES;
				CLANG_WARN_SUSPICIOUS_MOVE = YES;
				CLANG_WARN_UNGUARDED_AVAILABILITY = YES_AGGRESSIVE;
				CLANG_WARN_UNREACHABLE_CODE = YES;
				CLANG_WARN__DUPLICATE_METHOD_MATCH = YES;
				COPY_PHASE_STRIP = NO;
				DEBUG_INFORMATION_FORMAT = dwarf;
				DEVELOPMENT_TEAM = N4C6XM4UBS;
				ENABLE_STRICT_OBJC_MSGSEND = YES;
				ENABLE_TESTABILITY = YES;
				ENABLE_USER_SCRIPT_SANDBOXING = YES;
				GCC_C_LANGUAGE_STANDARD = gnu17;
				GCC_DYNAMIC_NO_PIC = NO;
				GCC_NO_COMMON_BLOCKS = YES;
				GCC_OPTIMIZATION_LEVEL = 0;
				GCC_PREPROCESSOR_DEFINITIONS = (
					"DEBUG=1",
					"$(inherited)",
				);
				GCC_WARN_64_TO_32_BIT_CONVERSION = YES;
				GCC_WARN_ABOUT_RETURN_TYPE = YES_ERROR;
				GCC_WARN_UNDECLARED_SELECTOR = YES;
				GCC_WARN_UNINITIALIZED_AUTOS = YES_AGGRESSIVE;
				GCC_WARN_UNUSED_FUNCTION = YES;
				GCC_WARN_UNUSED_VARIABLE = YES;
				IPHONEOS_DEPLOYMENT_TARGET = 18.5;
				LOCALIZATION_PREFERS_STRING_CATALOGS = YES;
				MTL_ENABLE_DEBUG_INFO = INCLUDE_SOURCE;
				MTL_FAST_MATH = YES;
				ONLY_ACTIVE_ARCH = YES;
				SDKROOT = iphoneos;
				SWIFT_ACTIVE_COMPILATION_CONDITIONS = "DEBUG $(inherited)";
				SWIFT_OPTIMIZATION_LEVEL = "-Onone";
			};
			name = Debug;
		};
		076F5B7B2E1BE9AD003839A0 /* Release */ = {
			isa = XCBuildConfiguration;
			buildSettings = {
				ALWAYS_SEARCH_USER_PATHS = NO;
				ASSETCATALOG_COMPILER_GENERATE_SWIFT_ASSET_SYMBOL_EXTENSIONS = YES;
				CLANG_ANALYZER_NONNULL = YES;
				CLANG_ANALYZER_NUMBER_OBJECT_CONVERSION = YES_AGGRESSIVE;
				CLANG_CXX_LANGUAGE_STANDARD = "gnu++20";
				CLANG_ENABLE_MODULES = YES;
				CLANG_ENABLE_OBJC_ARC = YES;
				CLANG_ENABLE_OBJC_WEAK = YES;
				CLANG_WARN_BLOCK_CAPTURE_AUTORELEASING = YES;
				CLANG_WARN_BOOL_CONVERSION = YES;
				CLANG_WARN_COMMA = YES;
				CLANG_WARN_CONSTANT_CONVERSION = YES;
				CLANG_WARN_DEPRECATED_OBJC_IMPLEMENTATIONS = YES;
				CLANG_WARN_DIRECT_OBJC_ISA_USAGE = YES_ERROR;
				CLANG_WARN_DOCUMENTATION_COMMENTS = YES;
				CLANG_WARN_EMPTY_BODY = YES;
				CLANG_WARN_ENUM_CONVERSION = YES;
				CLANG_WARN_INFINITE_RECURSION = YES;
				CLANG_WARN_INT_CONVERSION = YES;
				CLANG_WARN_NON_LITERAL_NULL_CONVERSION = YES;
				CLANG_WARN_OBJC_IMPLICIT_RETAIN_SELF = YES;
				CLANG_WARN_OBJC_LITERAL_CONVERSION = YES;
				CLANG_WARN_OBJC_ROOT_CLASS = YES_ERROR;
				CLANG_WARN_QUOTED_INCLUDE_IN_FRAMEWORK_HEADER = YES;
				CLANG_WARN_RANGE_LOOP_ANALYSIS = YES;
				CLANG_WARN_STRICT_PROTOTYPES = YES;
				CLANG_WARN_SUSPICIOUS_MOVE = YES;
				CLANG_WARN_UNGUARDED_AVAILABILITY = YES_AGGRESSIVE;
				CLANG_WARN_UNREACHABLE_CODE = YES;
				CLANG_WARN__DUPLICATE_METHOD_MATCH = YES;
				COPY_PHASE_STRIP = NO;
				DEBUG_INFORMATION_FORMAT = "dwarf-with-dsym";
				DEVELOPMENT_TEAM = N4C6XM4UBS;
				ENABLE_NS_ASSERTIONS = NO;
				ENABLE_STRICT_OBJC_MSGSEND = YES;
				ENABLE_USER_SCRIPT_SANDBOXING = YES;
				GCC_C_LANGUAGE_STANDARD = gnu17;
				GCC_NO_COMMON_BLOCKS = YES;
				GCC_WARN_64_TO_32_BIT_CONVERSION = YES;
				GCC_WARN_ABOUT_RETURN_TYPE = YES_ERROR;
				GCC_WARN_UNDECLARED_SELECTOR = YES;
				GCC_WARN_UNINITIALIZED_AUTOS = YES_AGGRESSIVE;
				GCC_WARN_UNUSED_FUNCTION = YES;
				GCC_WARN_UNUSED_VARIABLE = YES;
				IPHONEOS_DEPLOYMENT_TARGET = 18.5;
				LOCALIZATION_PREFERS_STRING_CATALOGS = YES;
				MTL_ENABLE_DEBUG_INFO = NO;
				MTL_FAST_MATH = YES;
				SDKROOT = iphoneos;
				SWIFT_COMPILATION_MODE = wholemodule;
				VALIDATE_PRODUCT = YES;
			};
			name = Release;
		};
		076F5B7D2E1BE9AD003839A0 /* Debug */ = {
			isa = XCBuildConfiguration;
			buildSettings = {
				ASSETCATALOG_COMPILER_APPICON_NAME = AppIcon;
				ASSETCATALOG_COMPILER_GLOBAL_ACCENT_COLOR_NAME = AccentColor;
				CODE_SIGN_STYLE = Automatic;
				CURRENT_PROJECT_VERSION = 1;
				DEVELOPMENT_TEAM = N4C6XM4UBS;
				ENABLE_PREVIEWS = YES;
				GENERATE_INFOPLIST_FILE = YES;
				INFOPLIST_KEY_UIApplicationSceneManifest_Generation = YES;
				INFOPLIST_KEY_UIApplicationSupportsIndirectInputEvents = YES;
				INFOPLIST_KEY_UILaunchScreen_Generation = YES;
				INFOPLIST_KEY_UISupportedInterfaceOrientations_iPad = "UIInterfaceOrientationPortrait UIInterfaceOrientationPortraitUpsideDown UIInterfaceOrientationLandscapeLeft UIInterfaceOrientationLandscapeRight";
				INFOPLIST_KEY_UISupportedInterfaceOrientations_iPhone = "UIInterfaceOrientationPortrait UIInterfaceOrientationLandscapeLeft UIInterfaceOrientationLandscapeRight";
				LD_RUNPATH_SEARCH_PATHS = (
					"$(inherited)",
					"@executable_path/Frameworks",
				);
				MARKETING_VERSION = 1.0;
				PRODUCT_BUNDLE_IDENTIFIER = app.GolfCompanion;
				PRODUCT_NAME = "$(TARGET_NAME)";
				SWIFT_EMIT_LOC_STRINGS = YES;
				SWIFT_VERSION = 5.0;
				TARGETED_DEVICE_FAMILY = "1,2";
			};
			name = Debug;
		};
		076F5B7E2E1BE9AD003839A0 /* Release */ = {
			isa = XCBuildConfiguration;
			buildSettings = {
				ASSETCATALOG_COMPILER_APPICON_NAME = AppIcon;
				ASSETCATALOG_COMPILER_GLOBAL_ACCENT_COLOR_NAME = AccentColor;
				CODE_SIGN_STYLE = Automatic;
				CURRENT_PROJECT_VERSION = 1;
				DEVELOPMENT_TEAM = N4C6XM4UBS;
				ENABLE_PREVIEWS = YES;
				GENERATE_INFOPLIST_FILE = YES;
				INFOPLIST_KEY_UIApplicationSceneManifest_Generation = YES;
				INFOPLIST_KEY_UIApplicationSupportsIndirectInputEvents = YES;
				INFOPLIST_KEY_UILaunchScreen_Generation = YES;
				INFOPLIST_KEY_UISupportedInterfaceOrientations_iPad = "UIInterfaceOrientationPortrait UIInterfaceOrientationPortraitUpsideDown UIInterfaceOrientationLandscapeLeft UIInterfaceOrientationLandscapeRight";
				INFOPLIST_KEY_UISupportedInterfaceOrientations_iPhone = "UIInterfaceOrientationPortrait UIInterfaceOrientationLandscapeLeft UIInterfaceOrientationLandscapeRight";
				LD_RUNPATH_SEARCH_PATHS = (
					"$(inherited)",
					"@executable_path/Frameworks",
				);
				MARKETING_VERSION = 1.0;
				PRODUCT_BUNDLE_IDENTIFIER = app.GolfCompanion;
				PRODUCT_NAME = "$(TARGET_NAME)";
				SWIFT_EMIT_LOC_STRINGS = YES;
				SWIFT_VERSION = 5.0;
				TARGETED_DEVICE_FAMILY = "1,2";
			};
			name = Release;
		};
		076F5B802E1BE9AD003839A0 /* Debug */ = {
			isa = XCBuildConfiguration;
			buildSettings = {
				BUNDLE_LOADER = "$(TEST_HOST)";
				CODE_SIGN_STYLE = Automatic;
				CURRENT_PROJECT_VERSION = 1;
				DEVELOPMENT_TEAM = N4C6XM4UBS;
				GENERATE_INFOPLIST_FILE = YES;
				IPHONEOS_DEPLOYMENT_TARGET = 18.5;
				MARKETING_VERSION = 1.0;
				PRODUCT_BUNDLE_IDENTIFIER = app.GolfCompanionTests;
				PRODUCT_NAME = "$(TARGET_NAME)";
				SWIFT_EMIT_LOC_STRINGS = NO;
				SWIFT_VERSION = 5.0;
				TARGETED_DEVICE_FAMILY = "1,2";
				TEST_HOST = "$(BUILT_PRODUCTS_DIR)/GolfCompanion.app/$(BUNDLE_EXECUTABLE_FOLDER_PATH)/GolfCompanion";
			};
			name = Debug;
		};
		076F5B812E1BE9AD003839A0 /* Release */ = {
			isa = XCBuildConfiguration;
			buildSettings = {
				BUNDLE_LOADER = "$(TEST_HOST)";
				CODE_SIGN_STYLE = Automatic;
				CURRENT_PROJECT_VERSION = 1;
				DEVELOPMENT_TEAM = N4C6XM4UBS;
				GENERATE_INFOPLIST_FILE = YES;
				IPHONEOS_DEPLOYMENT_TARGET = 18.5;
				MARKETING_VERSION = 1.0;
				PRODUCT_BUNDLE_IDENTIFIER = app.GolfCompanionTests;
				PRODUCT_NAME = "$(TARGET_NAME)";
				SWIFT_EMIT_LOC_STRINGS = NO;
				SWIFT_VERSION = 5.0;
				TARGETED_DEVICE_FAMILY = "1,2";
				TEST_HOST = "$(BUILT_PRODUCTS_DIR)/GolfCompanion.app/$(BUNDLE_EXECUTABLE_FOLDER_PATH)/GolfCompanion";
			};
			name = Release;
		};
		076F5B832E1BE9AD003839A0 /* Debug */ = {
			isa = XCBuildConfiguration;
			buildSettings = {
				CODE_SIGN_STYLE = Automatic;
				CURRENT_PROJECT_VERSION = 1;
				DEVELOPMENT_TEAM = N4C6XM4UBS;
				GENERATE_INFOPLIST_FILE = YES;
				MARKETING_VERSION = 1.0;
				PRODUCT_BUNDLE_IDENTIFIER = app.GolfCompanionUITests;
				PRODUCT_NAME = "$(TARGET_NAME)";
				SWIFT_EMIT_LOC_STRINGS = NO;
				SWIFT_VERSION = 5.0;
				TARGETED_DEVICE_FAMILY = "1,2";
				TEST_TARGET_NAME = GolfCompanion;
			};
			name = Debug;
		};
		076F5B842E1BE9AD003839A0 /* Release */ = {
			isa = XCBuildConfiguration;
			buildSettings = {
				CODE_SIGN_STYLE = Automatic;
				CURRENT_PROJECT_VERSION = 1;
				DEVELOPMENT_TEAM = N4C6XM4UBS;
				GENERATE_INFOPLIST_FILE = YES;
				MARKETING_VERSION = 1.0;
				PRODUCT_BUNDLE_IDENTIFIER = app.GolfCompanionUITests;
				PRODUCT_NAME = "$(TARGET_NAME)";
				SWIFT_EMIT_LOC_STRINGS = NO;
				SWIFT_VERSION = 5.0;
				TARGETED_DEVICE_FAMILY = "1,2";
				TEST_TARGET_NAME = GolfCompanion;
			};
			name = Release;
		};
/* End XCBuildConfiguration section */

/* Begin XCConfigurationList section */
		076F5B562E1BE9AB003839A0 /* Build configuration list for PBXProject "GolfCompanion" */ = {
			isa = XCConfigurationList;
			buildConfigurations = (
				076F5B7A2E1BE9AD003839A0 /* Debug */,
				076F5B7B2E1BE9AD003839A0 /* Release */,
			);
			defaultConfigurationIsVisible = 0;
			defaultConfigurationName = Release;
		};
		076F5B7C2E1BE9AD003839A0 /* Build configuration list for PBXNativeTarget "GolfCompanion" */ = {
			isa = XCConfigurationList;
			buildConfigurations = (
				076F5B7D2E1BE9AD003839A0 /* Debug */,
				076F5B7E2E1BE9AD003839A0 /* Release */,
			);
			defaultConfigurationIsVisible = 0;
			defaultConfigurationName = Release;
		};
		076F5B7F2E1BE9AD003839A0 /* Build configuration list for PBXNativeTarget "GolfCompanionTests" */ = {
			isa = XCConfigurationList;
			buildConfigurations = (
				076F5B802E1BE9AD003839A0 /* Debug */,
				076F5B812E1BE9AD003839A0 /* Release */,
			);
			defaultConfigurationIsVisible = 0;
			defaultConfigurationName = Release;
		};
		076F5B822E1BE9AD003839A0 /* Build configuration list for PBXNativeTarget "GolfCompanionUITests" */ = {
			isa = XCConfigurationList;
			buildConfigurations = (
				076F5B832E1BE9AD003839A0 /* Debug */,
				076F5B842E1BE9AD003839A0 /* Release */,
			);
			defaultConfigurationIsVisible = 0;
			defaultConfigurationName = Release;
		};
/* End XCConfigurationList section */
	};
	rootObject = 076F5B532E1BE9AB003839A0 /* Project object */;
}
